
Microsoft Visual Studio Solution File, Format Version 12.00
# Visual Studio Version 17
VisualStudioVersion = 17.11.35312.102
MinimumVisualStudioVersion = 10.0.40219.1
Project("{FAE04EC0-301F-11D3-BF4B-00C04F79EFBC}") = "OOP-Laba6-0", "OOP-Laba6-0.csproj", "{ABE1EA99-8CFD-4AC5-B393-E6D135988E91}"
EndProject
Global
	GlobalSection(SolutionConfigurationPlatforms) = preSolution
		Debug|Any CPU = Debug|Any CPU
		Release|Any CPU = Release|Any CPU
	EndGlobalSection
	GlobalSection(ProjectConfigurationPlatforms) = postSolution
		{ABE1EA99-8CFD-4AC5-B393-E6D135988E91}.Debug|Any CPU.ActiveCfg = Debug|Any CPU
		{ABE1EA99-8CFD-4AC5-B393-E6D135988E91}.Debug|Any CPU.Build.0 = Debug|Any CPU
		{ABE1EA99-8CFD-4AC5-B393-E6D135988E91}.Release|Any CPU.ActiveCfg = Release|Any CPU
		{ABE1EA99-8CFD-4AC5-B393-E6D135988E91}.Release|Any CPU.Build.0 = Release|Any CPU
	EndGlobalSection
	GlobalSection(SolutionProperties) = preSolution
		HideSolutionNode = FALSE
	EndGlobalSection
	GlobalSection(ExtensibilityGlobals) = postSolution
		SolutionGuid = {10309C77-4989-4E79-BC1A-0EDCFB87BE36}
	EndGlobalSection
EndGlobal
